// !$*UTF8*$!
{
	archiveVersion = 1;
	classes = {
	};
	objectVersion = 46;
	objects = {

/* Begin PBXBuildFile section */
		ABEC7A651A49BF770065E993 /* main.m in Sources */ = {isa = PBXBuildFile; fileRef = ABEC7A641A49BF770065E993 /* main.m */; };
		ABEC7A681A49BF770065E993 /* AppDelegate.m in Sources */ = {isa = PBXBuildFile; fileRef = ABEC7A671A49BF770065E993 /* AppDelegate.m */; };
		ABEC7A6B1A49BF770065E993 /* GameScene.m in Sources */ = {isa = PBXBuildFile; fileRef = ABEC7A6A1A49BF770065E993 /* GameScene.m */; };
		ABEC7A6D1A49BF770065E993 /* GameScene.sks in Resources */ = {isa = PBXBuildFile; fileRef = ABEC7A6C1A49BF770065E993 /* GameScene.sks */; };
		ABEC7A701A49BF770065E993 /* GameViewController.m in Sources */ = {isa = PBXBuildFile; fileRef = ABEC7A6F1A49BF770065E993 /* GameViewController.m */; };
		ABEC7A731A49BF770065E993 /* Main.storyboard in Resources */ = {isa = PBXBuildFile; fileRef = ABEC7A711A49BF770065E993 /* Main.storyboard */; };
		ABEC7A751A49BF770065E993 /* Images.xcassets in Resources */ = {isa = PBXBuildFile; fileRef = ABEC7A741A49BF770065E993 /* Images.xcassets */; };
		ABEC7A781A49BF770065E993 /* LaunchScreen.xib in Resources */ = {isa = PBXBuildFile; fileRef = ABEC7A761A49BF770065E993 /* LaunchScreen.xib */; };
		ABEC7A841A49BF770065E993 /* nathanspathTests.m in Sources */ = {isa = PBXBuildFile; fileRef = ABEC7A831A49BF770065E993 /* nathanspathTests.m */; };
		ABF6077B1A49E49B00EE9EA8 /* NathanSpriteNode.m in Sources */ = {isa = PBXBuildFile; fileRef = ABF6077A1A49E49B00EE9EA8 /* NathanSpriteNode.m */; };
		ABF61CDC1A4C2658002CBFEE /* WonScene.m in Sources */ = {isa = PBXBuildFile; fileRef = ABF61CDB1A4C2658002CBFEE /* WonScene.m */; };
/* End PBXBuildFile section */

/* Begin PBXContainerItemProxy section */
		ABEC7A7E1A49BF770065E993 /* PBXContainerItemProxy */ = {
			isa = PBXContainerItemProxy;
			containerPortal = ABEC7A571A49BF770065E993 /* Project object */;
			proxyType = 1;
			remoteGlobalIDString = ABEC7A5E1A49BF770065E993;
			remoteInfo = nathanspath;
		};
/* End PBXContainerItemProxy section */

/* Begin PBXFileReference section */
		ABEC7A5F1A49BF770065E993 /* nathanspath.app */ = {isa = PBXFileReference; explicitFileType = wrapper.application; includeInIndex = 0; path = nathanspath.app; sourceTree = BUILT_PRODUCTS_DIR; };
		ABEC7A631A49BF770065E993 /* Info.plist */ = {isa = PBXFileReference; lastKnownFileType = text.plist.xml; path = Info.plist; sourceTree = "<group>"; };
		ABEC7A641A49BF770065E993 /* main.m */ = {isa = PBXFileReference; lastKnownFileType = sourcecode.c.objc; path = main.m; sourceTree = "<group>"; };
		ABEC7A661A49BF770065E993 /* AppDelegate.h */ = {isa = PBXFileReference; lastKnownFileType = sourcecode.c.h; path = AppDelegate.h; sourceTree = "<group>"; };
		ABEC7A671A49BF770065E993 /* AppDelegate.m */ = {isa = PBXFileReference; lastKnownFileType = sourcecode.c.objc; path = AppDelegate.m; sourceTree = "<group>"; };
		ABEC7A691A49BF770065E993 /* GameScene.h */ = {isa = PBXFileReference; lastKnownFileType = sourcecode.c.h; path = GameScene.h; sourceTree = "<group>"; };
		ABEC7A6A1A49BF770065E993 /* GameScene.m */ = {isa = PBXFileReference; lastKnownFileType = sourcecode.c.objc; path = GameScene.m; sourceTree = "<group>"; };
		ABEC7A6C1A49BF770065E993 /* GameScene.sks */ = {isa = PBXFileReference; lastKnownFileType = file.sks; path = GameScene.sks; sourceTree = "<group>"; };
		ABEC7A6E1A49BF770065E993 /* GameViewController.h */ = {isa = PBXFileReference; lastKnownFileType = sourcecode.c.h; path = GameViewController.h; sourceTree = "<group>"; };
		ABEC7A6F1A49BF770065E993 /* GameViewController.m */ = {isa = PBXFileReference; lastKnownFileType = sourcecode.c.objc; path = GameViewController.m; sourceTree = "<group>"; };
		ABEC7A721A49BF770065E993 /* Base */ = {isa = PBXFileReference; lastKnownFileType = file.storyboard; name = Base; path = Base.lproj/Main.storyboard; sourceTree = "<group>"; };
		ABEC7A741A49BF770065E993 /* Images.xcassets */ = {isa = PBXFileReference; lastKnownFileType = folder.assetcatalog; path = Images.xcassets; sourceTree = "<group>"; };
		ABEC7A771A49BF770065E993 /* Base */ = {isa = PBXFileReference; lastKnownFileType = file.xib; name = Base; path = Base.lproj/LaunchScreen.xib; sourceTree = "<group>"; };
		ABEC7A7D1A49BF770065E993 /* nathanspathTests.xctest */ = {isa = PBXFileReference; explicitFileType = wrapper.cfbundle; includeInIndex = 0; path = nathanspathTests.xctest; sourceTree = BUILT_PRODUCTS_DIR; };
		ABEC7A821A49BF770065E993 /* Info.plist */ = {isa = PBXFileReference; lastKnownFileType = text.plist.xml; path = Info.plist; sourceTree = "<group>"; };
		ABEC7A831A49BF770065E993 /* nathanspathTests.m */ = {isa = PBXFileReference; lastKnownFileType = sourcecode.c.objc; path = nathanspathTests.m; sourceTree = "<group>"; };
		ABF607791A49E49B00EE9EA8 /* NathanSpriteNode.h */ = {isa = PBXFileReference; fileEncoding = 4; lastKnownFileType = sourcecode.c.h; path = NathanSpriteNode.h; sourceTree = "<group>"; };
		ABF6077A1A49E49B00EE9EA8 /* NathanSpriteNode.m */ = {isa = PBXFileReference; fileEncoding = 4; lastKnownFileType = sourcecode.c.objc; path = NathanSpriteNode.m; sourceTree = "<group>"; };
		ABF61CDA1A4C2658002CBFEE /* WonScene.h */ = {isa = PBXFileReference; fileEncoding = 4; lastKnownFileType = sourcecode.c.h; path = WonScene.h; sourceTree = "<group>"; };
		ABF61CDB1A4C2658002CBFEE /* WonScene.m */ = {isa = PBXFileReference; fileEncoding = 4; lastKnownFileType = sourcecode.c.objc; path = WonScene.m; sourceTree = "<group>"; };
/* End PBXFileReference section */

/* Begin PBXFrameworksBuildPhase section */
		ABEC7A5C1A49BF770065E993 /* Frameworks */ = {
			isa = PBXFrameworksBuildPhase;
			buildActionMask = 2147483647;
			files = (
			);
			runOnlyForDeploymentPostprocessing = 0;
		};
		ABEC7A7A1A49BF770065E993 /* Frameworks */ = {
			isa = PBXFrameworksBuildPhase;
			buildActionMask = 2147483647;
			files = (
			);
			runOnlyForDeploymentPostprocessing = 0;
		};
/* End PBXFrameworksBuildPhase section */

/* Begin PBXGroup section */
		ABEC7A561A49BF770065E993 = {
			isa = PBXGroup;
			children = (
				ABEC7A611A49BF770065E993 /* nathanspath */,
				ABEC7A801A49BF770065E993 /* nathanspathTests */,
				ABEC7A601A49BF770065E993 /* Products */,
			);
			sourceTree = "<group>";
		};
		ABEC7A601A49BF770065E993 /* Products */ = {
			isa = PBXGroup;
			children = (
				ABEC7A5F1A49BF770065E993 /* nathanspath.app */,
				ABEC7A7D1A49BF770065E993 /* nathanspathTests.xctest */,
			);
			name = Products;
			sourceTree = "<group>";
		};
		ABEC7A611A49BF770065E993 /* nathanspath */ = {
			isa = PBXGroup;
			children = (
				ABEC7A661A49BF770065E993 /* AppDelegate.h */,
				ABEC7A671A49BF770065E993 /* AppDelegate.m */,
				ABEC7A691A49BF770065E993 /* GameScene.h */,
				ABEC7A6A1A49BF770065E993 /* GameScene.m */,
				ABF61CDA1A4C2658002CBFEE /* WonScene.h */,
				ABF61CDB1A4C2658002CBFEE /* WonScene.m */,
				ABF607791A49E49B00EE9EA8 /* NathanSpriteNode.h */,
				ABF6077A1A49E49B00EE9EA8 /* NathanSpriteNode.m */,
				ABEC7A6C1A49BF770065E993 /* GameScene.sks */,
				ABEC7A6E1A49BF770065E993 /* GameViewController.h */,
				ABEC7A6F1A49BF770065E993 /* GameViewController.m */,
				ABEC7A711A49BF770065E993 /* Main.storyboard */,
				ABEC7A741A49BF770065E993 /* Images.xcassets */,
				ABEC7A761A49BF770065E993 /* LaunchScreen.xib */,
				ABEC7A621A49BF770065E993 /* Supporting Files */,
			);
			path = nathanspath;
			sourceTree = "<group>";
		};
		ABEC7A621A49BF770065E993 /* Supporting Files */ = {
			isa = PBXGroup;
			children = (
				ABEC7A631A49BF770065E993 /* Info.plist */,
				ABEC7A641A49BF770065E993 /* main.m */,
			);
			name = "Supporting Files";
			sourceTree = "<group>";
		};
		ABEC7A801A49BF770065E993 /* nathanspathTests */ = {
			isa = PBXGroup;
			children = (
				ABEC7A831A49BF770065E993 /* nathanspathTests.m */,
				ABEC7A811A49BF770065E993 /* Supporting Files */,
			);
			path = nathanspathTests;
			sourceTree = "<group>";
		};
		ABEC7A811A49BF770065E993 /* Supporting Files */ = {
			isa = PBXGroup;
			children = (
				ABEC7A821A49BF770065E993 /* Info.plist */,
			);
			name = "Supporting Files";
			sourceTree = "<group>";
		};
/* End PBXGroup section */

/* Begin PBXNativeTarget section */
		ABEC7A5E1A49BF770065E993 /* nathanspath */ = {
			isa = PBXNativeTarget;
			buildConfigurationList = ABEC7A871A49BF770065E993 /* Build configuration list for PBXNativeTarget "nathanspath" */;
			buildPhases = (
				ABEC7A5B1A49BF770065E993 /* Sources */,
				ABEC7A5C1A49BF770065E993 /* Frameworks */,
				ABEC7A5D1A49BF770065E993 /* Resources */,
			);
			buildRules = (
			);
			dependencies = (
			);
			name = nathanspath;
			productName = nathanspath;
			productReference = ABEC7A5F1A49BF770065E993 /* nathanspath.app */;
			productType = "com.apple.product-type.application";
		};
		ABEC7A7C1A49BF770065E993 /* nathanspathTests */ = {
			isa = PBXNativeTarget;
			buildConfigurationList = ABEC7A8A1A49BF770065E993 /* Build configuration list for PBXNativeTarget "nathanspathTests" */;
			buildPhases = (
				ABEC7A791A49BF770065E993 /* Sources */,
				ABEC7A7A1A49BF770065E993 /* Frameworks */,
				ABEC7A7B1A49BF770065E993 /* Resources */,
			);
			buildRules = (
			);
			dependencies = (
				ABEC7A7F1A49BF770065E993 /* PBXTargetDependency */,
			);
			name = nathanspathTests;
			productName = nathanspathTests;
			productReference = ABEC7A7D1A49BF770065E993 /* nathanspathTests.xctest */;
			productType = "com.apple.product-type.bundle.unit-test";
		};
/* End PBXNativeTarget section */

/* Begin PBXProject section */
		ABEC7A571A49BF770065E993 /* Project object */ = {
			isa = PBXProject;
			attributes = {
				LastUpgradeCheck = 0610;
				ORGANIZATIONNAME = pmt;
				TargetAttributes = {
					ABEC7A5E1A49BF770065E993 = {
						CreatedOnToolsVersion = 6.1.1;
					};
					ABEC7A7C1A49BF770065E993 = {
						CreatedOnToolsVersion = 6.1.1;
						TestTargetID = ABEC7A5E1A49BF770065E993;
					};
				};
			};
			buildConfigurationList = ABEC7A5A1A49BF770065E993 /* Build configuration list for PBXProject "nathanspath" */;
			compatibilityVersion = "Xcode 3.2";
			developmentRegion = English;
			hasScannedForEncodings = 0;
			knownRegions = (
				en,
				Base,
			);
			mainGroup = ABEC7A561A49BF770065E993;
			productRefGroup = ABEC7A601A49BF770065E993 /* Products */;
			projectDirPath = "";
			projectRoot = "";
			targets = (
				ABEC7A5E1A49BF770065E993 /* nathanspath */,
				ABEC7A7C1A49BF770065E993 /* nathanspathTests */,
			);
		};
/* End PBXProject section */

/* Begin PBXResourcesBuildPhase section */
		ABEC7A5D1A49BF770065E993 /* Resources */ = {
			isa = PBXResourcesBuildPhase;
			buildActionMask = 2147483647;
			files = (
				ABEC7A781A49BF770065E993 /* LaunchScreen.xib in Resources */,
				ABEC7A751A49BF770065E993 /* Images.xcassets in Resources */,
				ABEC7A6D1A49BF770065E993 /* GameScene.sks in Resources */,
				ABEC7A731A49BF770065E993 /* Main.storyboard in Resources */,
			);
			runOnlyForDeploymentPostprocessing = 0;
		};
		ABEC7A7B1A49BF770065E993 /* Resources */ = {
			isa = PBXResourcesBuildPhase;
			buildActionMask = 2147483647;
			files = (
			);
			runOnlyForDeploymentPostprocessing = 0;
		};
/* End PBXResourcesBuildPhase section */

/* Begin PBXSourcesBuildPhase section */
		ABEC7A5B1A49BF770065E993 /* Sources */ = {
			isa = PBXSourcesBuildPhase;
			buildActionMask = 2147483647;
			files = (
				ABF6077B1A49E49B00EE9EA8 /* NathanSpriteNode.m in Sources */,
				ABF61CDC1A4C2658002CBFEE /* WonScene.m in Sources */,
				ABEC7A701A49BF770065E993 /* GameViewController.m in Sources */,
				ABEC7A681A49BF770065E993 /* AppDelegate.m in Sources */,
				ABEC7A6B1A49BF770065E993 /* GameScene.m in Sources */,
				ABEC7A651A49BF770065E993 /* main.m in Sources */,
			);
			runOnlyForDeploymentPostprocessing = 0;
		};
		ABEC7A791A49BF770065E993 /* Sources */ = {
			isa = PBXSourcesBuildPhase;
			buildActionMask = 2147483647;
			files = (
				ABEC7A841A49BF770065E993 /* nathanspathTests.m in Sources */,
			);
			runOnlyForDeploymentPostprocessing = 0;
		};
/* End PBXSourcesBuildPhase section */

/* Begin PBXTargetDependency section */
		ABEC7A7F1A49BF770065E993 /* PBXTargetDependency */ = {
			isa = PBXTargetDependency;
			target = ABEC7A5E1A49BF770065E993 /* nathanspath */;
			targetProxy = ABEC7A7E1A49BF770065E993 /* PBXContainerItemProxy */;
		};
/* End PBXTargetDependency section */

/* Begin PBXVariantGroup section */
		ABEC7A711A49BF770065E993 /* Main.storyboard */ = {
			isa = PBXVariantGroup;
			children = (
				ABEC7A721A49BF770065E993 /* Base */,
			);
			name = Main.storyboard;
			sourceTree = "<group>";
		};
		ABEC7A761A49BF770065E993 /* LaunchScreen.xib */ = {
			isa = PBXVariantGroup;
			children = (
				ABEC7A771A49BF770065E993 /* Base */,
			);
			name = LaunchScreen.xib;
			sourceTree = "<group>";
		};
/* End PBXVariantGroup section */

/* Begin XCBuildConfiguration section */
		ABEC7A851A49BF770065E993 /* Debug */ = {
			isa = XCBuildConfiguration;
			buildSettings = {
				ALWAYS_SEARCH_USER_PATHS = NO;
				CLANG_CXX_LANGUAGE_STANDARD = "gnu++0x";
				CLANG_CXX_LIBRARY = "libc++";
				CLANG_ENABLE_MODULES = YES;
				CLANG_ENABLE_OBJC_ARC = YES;
				CLANG_WARN_BOOL_CONVERSION = YES;
				CLANG_WARN_CONSTANT_CONVERSION = YES;
				CLANG_WARN_DIRECT_OBJC_ISA_USAGE = YES_ERROR;
				CLANG_WARN_EMPTY_BODY = YES;
				CLANG_WARN_ENUM_CONVERSION = YES;
				CLANG_WARN_INT_CONVERSION = YES;
				CLANG_WARN_OBJC_ROOT_CLASS = YES_ERROR;
				CLANG_WARN_UNREACHABLE_CODE = YES;
				CLANG_WARN__DUPLICATE_METHOD_MATCH = YES;
				"CODE_SIGN_IDENTITY[sdk=iphoneos*]" = "iPhone Developer";
				COPY_PHASE_STRIP = NO;
				ENABLE_STRICT_OBJC_MSGSEND = YES;
				GCC_C_LANGUAGE_STANDARD = gnu99;
				GCC_DYNAMIC_NO_PIC = NO;
				GCC_OPTIMIZATION_LEVEL = 0;
				GCC_PREPROCESSOR_DEFINITIONS = (
					"DEBUG=1",
					"$(inherited)",
				);
				GCC_SYMBOLS_PRIVATE_EXTERN = NO;
				GCC_WARN_64_TO_32_BIT_CONVERSION = YES;
				GCC_WARN_ABOUT_RETURN_TYPE = YES_ERROR;
				GCC_WARN_UNDECLARED_SELECTOR = YES;
				GCC_WARN_UNINITIALIZED_AUTOS = YES_AGGRESSIVE;
				GCC_WARN_UNUSED_FUNCTION = YES;
				GCC_WARN_UNUSED_VARIABLE = YES;
				IPHONEOS_DEPLOYMENT_TARGET = 8.1;
				MTL_ENABLE_DEBUG_INFO = YES;
				ONLY_ACTIVE_ARCH = YES;
				SDKROOT = iphoneos;
			};
			name = Debug;
		};
		ABEC7A861A49BF770065E993 /* Release */ = {
			isa = XCBuildConfiguration;
			buildSettings = {
				ALWAYS_SEARCH_USER_PATHS = NO;
				CLANG_CXX_LANGUAGE_STANDARD = "gnu++0x";
				CLANG_CXX_LIBRARY = "libc++";
				CLANG_ENABLE_MODULES = YES;
				CLANG_ENABLE_OBJC_ARC = YES;
				CLANG_WARN_BOOL_CONVERSION = YES;
				CLANG_WARN_CONSTANT_CONVERSION = YES;
				CLANG_WARN_DIRECT_OBJC_ISA_USAGE = YES_ERROR;
				CLANG_WARN_EMPTY_BODY = YES;
				CLANG_WARN_ENUM_CONVERSION = YES;
				CLANG_WARN_INT_CONVERSION = YES;
				CLANG_WARN_OBJC_ROOT_CLASS = YES_ERROR;
				CLANG_WARN_UNREACHABLE_CODE = YES;
				CLANG_WARN__DUPLICATE_METHOD_MATCH = YES;
				"CODE_SIGN_IDENTITY[sdk=iphoneos*]" = "iPhone Developer";
				COPY_PHASE_STRIP = YES;
				ENABLE_NS_ASSERTIONS = NO;
				ENABLE_STRICT_OBJC_MSGSEND = YES;
				GCC_C_LANGUAGE_STANDARD = gnu99;
				GCC_WARN_64_TO_32_BIT_CONVERSION = YES;
				GCC_WARN_ABOUT_RETURN_TYPE = YES_ERROR;
				GCC_WARN_UNDECLARED_SELECTOR = YES;
				GCC_WARN_UNINITIALIZED_AUTOS = YES_AGGRESSIVE;
				GCC_WARN_UNUSED_FUNCTION = YES;
				GCC_WARN_UNUSED_VARIABLE = YES;
				IPHONEOS_DEPLOYMENT_TARGET = 8.1;
				MTL_ENABLE_DEBUG_INFO = NO;
				SDKROOT = iphoneos;
				VALIDATE_PRODUCT = YES;
			};
			name = Release;
		};
		ABEC7A881A49BF770065E993 /* Debug */ = {
			isa = XCBuildConfiguration;
			buildSettings = {
				ASSETCATALOG_COMPILER_APPICON_NAME = AppIcon;
				INFOPLIST_FILE = nathanspath/Info.plist;
				LD_RUNPATH_SEARCH_PATHS = "$(inherited) @executable_path/Frameworks";
				PRODUCT_NAME = "$(TARGET_NAME)";
			};
			name = Debug;
		};
		ABEC7A891A49BF770065E993 /* Release */ = {
			isa = XCBuildConfiguration;
			buildSettings = {
				ASSETCATALOG_COMPILER_APPICON_NAME = AppIcon;
				INFOPLIST_FILE = nathanspath/Info.plist;
				LD_RUNPATH_SEARCH_PATHS = "$(inherited) @executable_path/Frameworks";
				PRODUCT_NAME = "$(TARGET_NAME)";
			};
			name = Release;
		};
		ABEC7A8B1A49BF770065E993 /* Debug */ = {
			isa = XCBuildConfiguration;
			buildSettings = {
				BUNDLE_LOADER = "$(TEST_HOST)";
				FRAMEWORK_SEARCH_PATHS = (
					"$(SDKROOT)/Developer/Library/Frameworks",
					"$(inherited)",
				);
				GCC_PREPROCESSOR_DEFINITIONS = (
					"DEBUG=1",
					"$(inherited)",
				);
				INFOPLIST_FILE = nathanspathTests/Info.plist;
				LD_RUNPATH_SEARCH_PATHS = "$(inherited) @executable_path/Frameworks @loader_path/Frameworks";
				PRODUCT_NAME = "$(TARGET_NAME)";
				TEST_HOST = "$(BUILT_PRODUCTS_DIR)/nathanspath.app/nathanspath";
			};
			name = Debug;
		};
		ABEC7A8C1A49BF770065E993 /* Release */ = {
			isa = XCBuildConfiguration;
			buildSettings = {
				BUNDLE_LOADER = "$(TEST_HOST)";
				FRAMEWORK_SEARCH_PATHS = (
					"$(SDKROOT)/Developer/Library/Frameworks",
					"$(inherited)",
				);
				INFOPLIST_FILE = nathanspathTests/Info.plist;
				LD_RUNPATH_SEARCH_PATHS = "$(inherited) @executable_path/Frameworks @loader_path/Frameworks";
				PRODUCT_NAME = "$(TARGET_NAME)";
				TEST_HOST = "$(BUILT_PRODUCTS_DIR)/nathanspath.app/nathanspath";
			};
			name = Release;
		};
/* End XCBuildConfiguration section */

/* Begin XCConfigurationList section */
		ABEC7A5A1A49BF770065E993 /* Build configuration list for PBXProject "nathanspath" */ = {
			isa = XCConfigurationList;
			buildConfigurations = (
				ABEC7A851A49BF770065E993 /* Debug */,
				ABEC7A861A49BF770065E993 /* Release */,
			);
			defaultConfigurationIsVisible = 0;
			defaultConfigurationName = Release;
		};
		ABEC7A871A49BF770065E993 /* Build configuration list for PBXNativeTarget "nathanspath" */ = {
			isa = XCConfigurationList;
			buildConfigurations = (
				ABEC7A881A49BF770065E993 /* Debug */,
				ABEC7A891A49BF770065E993 /* Release */,
			);
			defaultConfigurationIsVisible = 0;
			defaultConfigurationName = Release;
		};
		ABEC7A8A1A49BF770065E993 /* Build configuration list for PBXNativeTarget "nathanspathTests" */ = {
			isa = XCConfigurationList;
			buildConfigurations = (
				ABEC7A8B1A49BF770065E993 /* Debug */,
				ABEC7A8C1A49BF770065E993 /* Release */,
			);
			defaultConfigurationIsVisible = 0;
			defaultConfigurationName = Release;
		};
/* End XCConfigurationList section */
	};
	rootObject = ABEC7A571A49BF770065E993 /* Project object */;
}
